
Microsoft Visual Studio Solution File, Format Version 12.00
# Visual Studio Version 17
VisualStudioVersion = 17.13.35931.197 d17.13
MinimumVisualStudioVersion = 10.0.40219.1
Project("{FAE04EC0-301F-11D3-BF4B-00C04F79EFBC}") = "WebApplication2", "WebApplication2\WebApplication2.csproj", "{CEF1AEF8-1E89-46DD-910C-519FF9A1B472}"
EndProject
Global
	GlobalSection(SolutionConfigurationPlatforms) = preSolution
		Debug|Any CPU = Debug|Any CPU
		Release|Any CPU = Release|Any CPU
	EndGlobalSection
	GlobalSection(ProjectConfigurationPlatforms) = postSolution
		{CEF1AEF8-1E89-46DD-910C-519FF9A1B472}.Debug|Any CPU.ActiveCfg = Debug|Any CPU
		{CEF1AEF8-1E89-46DD-910C-519FF9A1B472}.Debug|Any CPU.Build.0 = Debug|Any CPU
		{CEF1AEF8-1E89-46DD-910C-519FF9A1B472}.Release|Any CPU.ActiveCfg = Release|Any CPU
		{CEF1AEF8-1E89-46DD-910C-519FF9A1B472}.Release|Any CPU.Build.0 = Release|Any CPU
	EndGlobalSection
	GlobalSection(SolutionProperties) = preSolution
		HideSolutionNode = FALSE
	EndGlobalSection
	GlobalSection(ExtensibilityGlobals) = postSolution
		SolutionGuid = {1115F089-BFD8-4309-B59A-3C4DB87BC0A7}
	EndGlobalSection
EndGlobal
